
Microsoft Visual Studio Solution File, Format Version 12.00
# Visual Studio Version 17
VisualStudioVersion = 17.5.002.0
MinimumVisualStudioVersion = 10.0.40219.1
Project("{9A19103F-16F7-4668-BE54-9A1E7A4F7556}") = "SistemaVeiculos", "SistemaVeiculos.csproj", "{4DBAC289-E807-460D-84EB-DD2431F5B0F8}"
EndProject
Global
	GlobalSection(SolutionConfigurationPlatforms) = preSolution
		Debug|Any CPU = Debug|Any CPU
		Release|Any CPU = Release|Any CPU
	EndGlobalSection
	GlobalSection(ProjectConfigurationPlatforms) = postSolution
		{4DBAC289-E807-460D-84EB-DD2431F5B0F8}.Debug|Any CPU.ActiveCfg = Debug|Any CPU
		{4DBAC289-E807-460D-84EB-DD2431F5B0F8}.Debug|Any CPU.Build.0 = Debug|Any CPU
		{4DBAC289-E807-460D-84EB-DD2431F5B0F8}.Release|Any CPU.ActiveCfg = Release|Any CPU
		{4DBAC289-E807-460D-84EB-DD2431F5B0F8}.Release|Any CPU.Build.0 = Release|Any CPU
	EndGlobalSection
	GlobalSection(SolutionProperties) = preSolution
		HideSolutionNode = FALSE
	EndGlobalSection
	GlobalSection(ExtensibilityGlobals) = postSolution
		SolutionGuid = {E9A4D652-46E9-4A5E-99CD-D5B1F5768D38}
	EndGlobalSection
EndGlobal
